{
  "name": "folio",
  "lockfileVersion": 3,
  "requires": true,
  "packages": {
    "": {
      "name": "folio",
      "devDependencies": {
        "@sanderling/spec": "file:../../../pkg/spec"
      }
    },
    "../../../pkg/spec": {
      "name": "@sanderling/spec",
      "version": "0.0.0-dev",
      "dev": true,
      "license": "Apache-2.0",
      "devDependencies": {
        "@types/node": "^22.7.5",
        "tsx": "^4.21.0",
        "typescript": "^5.9.3"
      }
    },
    "node_modules/@sanderling/spec": {
      "resolved": "../../../pkg/spec",
      "link": true
    }
  }
}
