{
  "name": "folio",
  "lockfileVersion": 3,
  "requires": true,
  "packages": {
    "": {
      "name": "folio",
      "devDependencies": {
        "@sanderling/spec": "next"
      }
    },
    "node_modules/@sanderling/spec": {
      "version": "0.0.1-rc3",
      "resolved": "https://registry.npmjs.org/@sanderling/spec/-/spec-0.0.1-rc3.tgz",
      "integrity": "sha512-mCayssOqM2wfzrQDnFGE8FAlUlDzBl1fx2L/MLDIuPrQHBMlUC350xBB8Z7I/DYI98eCWJMqjtw3iU6yVWKtIQ==",
      "dev": true,
      "license": "Apache-2.0"
    }
  }
}
