{
  "name": "folio",
  "lockfileVersion": 3,
  "requires": true,
  "packages": {
    "": {
      "name": "folio",
      "devDependencies": {
        "@sanderling/spec": "^0.0.1-rc4"
      }
    },
    "node_modules/@sanderling/spec": {
      "version": "0.0.1-rc4",
      "resolved": "https://registry.npmjs.org/@sanderling/spec/-/spec-0.0.1-rc4.tgz",
      "integrity": "sha512-iv08d2duxQMowqEnDtOeWRGLmiv7188D68g/5ei+cU1BL33cVXwGscLYznfsUv4PgK7XI5Vihwbnp7ME4+Lh1w==",
      "dev": true,
      "license": "Apache-2.0"
    }
  }
}
