{
  "name": "uatu-sample",
  "lockfileVersion": 3,
  "requires": true,
  "packages": {
    "": {
      "name": "uatu-sample",
      "devDependencies": {
        "@uatu/spec": "file:../../pkg/spec-api"
      }
    },
    "../../pkg/spec-api": {
      "name": "@uatu/spec",
      "version": "0.0.0-dev",
      "dev": true,
      "license": "Apache-2.0",
      "devDependencies": {
        "@types/node": "^22.7.5",
        "tsx": "^4.21.0",
        "typescript": "^5.9.3"
      }
    },
    "node_modules/@uatu/spec": {
      "resolved": "../../pkg/spec-api",
      "link": true
    }
  }
}
